
Microsoft Visual Studio Solution File, Format Version 12.00
# Visual Studio Version 17
VisualStudioVersion = 17.4.33020.496
MinimumVisualStudioVersion = 10.0.40219.1
Project("{FAE04EC0-301F-11D3-BF4B-00C04F79EFBC}") = "CertificateInstaller", "CertificateInstaller.csproj", "{ADED3718-C5C7-4BA4-B1D9-1D309D5D625F}"
EndProject
Global
	GlobalSection(SolutionConfigurationPlatforms) = preSolution
		Debug|Any CPU = Debug|Any CPU
		Release|Any CPU = Release|Any CPU
	EndGlobalSection
	GlobalSection(ProjectConfigurationPlatforms) = postSolution
		{ADED3718-C5C7-4BA4-B1D9-1D309D5D625F}.Debug|Any CPU.ActiveCfg = Debug|Any CPU
		{ADED3718-C5C7-4BA4-B1D9-1D309D5D625F}.Debug|Any CPU.Build.0 = Debug|Any CPU
		{ADED3718-C5C7-4BA4-B1D9-1D309D5D625F}.Release|Any CPU.ActiveCfg = Release|Any CPU
		{ADED3718-C5C7-4BA4-B1D9-1D309D5D625F}.Release|Any CPU.Build.0 = Release|Any CPU
	EndGlobalSection
	GlobalSection(SolutionProperties) = preSolution
		HideSolutionNode = FALSE
	EndGlobalSection
	GlobalSection(ExtensibilityGlobals) = postSolution
		SolutionGuid = {1D45ACB8-003D-4586-997A-201A11B3FB13}
	EndGlobalSection
EndGlobal
